Microsoft Visual Studio Solution File, Format Version 12.00
# Visual Studio Version 17
VisualStudioVersion = 17.5.2.0
MinimumVisualStudioVersion = 10.0.40219.1
Project("{FAE04EC0-301F-11D3-BF4B-00C04F79EFBC}") = "TestWebApi_Demo", "TestWebApi_Demo\TestWebApi_Demo.csproj", "{9E783FE2-5CBF-59C6-A079-D87443440A08}"
EndProject
Global
	GlobalSection(SolutionConfigurationPlatforms) = preSolution
		Debug|Any CPU = Debug|Any CPU
		Release|Any CPU = Release|Any CPU
	EndGlobalSection
	GlobalSection(ProjectConfigurationPlatforms) = postSolution
		{9E783FE2-5CBF-59C6-A079-D87443440A08}.Debug|Any CPU.ActiveCfg = Debug|Any CPU
		{9E783FE2-5CBF-59C6-A079-D87443440A08}.Debug|Any CPU.Build.0 = Debug|Any CPU
		{9E783FE2-5CBF-59C6-A079-D87443440A08}.Release|Any CPU.ActiveCfg = Release|Any CPU
		{9E783FE2-5CBF-59C6-A079-D87443440A08}.Release|Any CPU.Build.0 = Release|Any CPU
	EndGlobalSection
	GlobalSection(SolutionProperties) = preSolution
		HideSolutionNode = FALSE
	EndGlobalSection
	GlobalSection(ExtensibilityGlobals) = postSolution
		SolutionGuid = {A4518FF4-204D-486D-84F8-C8D5FD7DA2D6}
	EndGlobalSection
EndGlobal
